
Microsoft Visual Studio Solution File, Format Version 12.00
# Visual Studio 15
VisualStudioVersion = 15.0.28307.572
MinimumVisualStudioVersion = 10.0.40219.1
Project("{FAE04EC0-301F-11D3-BF4B-00C04F79EFBC}") = "MathsLibrary", "WcfServiceLibrary1\MathsLibrary.csproj", "{025BD47B-377F-4EFF-B9A4-AD9BF9DD905C}"
EndProject
Project("{FAE04EC0-301F-11D3-BF4B-00C04F79EFBC}") = "ConsoleApp1", "ConsoleApp1\ConsoleApp1.csproj", "{B41A497D-6130-4434-93A1-9C5FCEA316BF}"
EndProject
Global
	GlobalSection(SolutionConfigurationPlatforms) = preSolution
		Debug|Any CPU = Debug|Any CPU
		Release|Any CPU = Release|Any CPU
	EndGlobalSection
	GlobalSection(ProjectConfigurationPlatforms) = postSolution
		{025BD47B-377F-4EFF-B9A4-AD9BF9DD905C}.Debug|Any CPU.ActiveCfg = Debug|Any CPU
		{025BD47B-377F-4EFF-B9A4-AD9BF9DD905C}.Debug|Any CPU.Build.0 = Debug|Any CPU
		{025BD47B-377F-4EFF-B9A4-AD9BF9DD905C}.Release|Any CPU.ActiveCfg = Release|Any CPU
		{025BD47B-377F-4EFF-B9A4-AD9BF9DD905C}.Release|Any CPU.Build.0 = Release|Any CPU
		{B41A497D-6130-4434-93A1-9C5FCEA316BF}.Debug|Any CPU.ActiveCfg = Debug|Any CPU
		{B41A497D-6130-4434-93A1-9C5FCEA316BF}.Debug|Any CPU.Build.0 = Debug|Any CPU
		{B41A497D-6130-4434-93A1-9C5FCEA316BF}.Release|Any CPU.ActiveCfg = Release|Any CPU
		{B41A497D-6130-4434-93A1-9C5FCEA316BF}.Release|Any CPU.Build.0 = Release|Any CPU
	EndGlobalSection
	GlobalSection(SolutionProperties) = preSolution
		HideSolutionNode = FALSE
	EndGlobalSection
	GlobalSection(ExtensibilityGlobals) = postSolution
		SolutionGuid = {698A7839-929D-4A8E-A6F3-C9F38CE10B17}
	EndGlobalSection
EndGlobal
