
Microsoft Visual Studio Solution File, Format Version 12.00
# Visual Studio 15
VisualStudioVersion = 15.0.28307.438
MinimumVisualStudioVersion = 10.0.40219.1
Project("{FAE04EC0-301F-11D3-BF4B-00C04F79EFBC}") = "WS_Client", "WS_Client\WS_Client.csproj", "{6E611394-28EC-44FE-A834-AD418A6982E2}"
	ProjectSection(ProjectDependencies) = postProject
		{56B6E3C6-5251-483F-92A8-6CA1C64E20BB} = {56B6E3C6-5251-483F-92A8-6CA1C64E20BB}
	EndProjectSection
EndProject
Project("{FAE04EC0-301F-11D3-BF4B-00C04F79EFBC}") = "IWS", "IWS\IWS.csproj", "{56B6E3C6-5251-483F-92A8-6CA1C64E20BB}"
EndProject
Global
	GlobalSection(SolutionConfigurationPlatforms) = preSolution
		Debug|Any CPU = Debug|Any CPU
		Release|Any CPU = Release|Any CPU
	EndGlobalSection
	GlobalSection(ProjectConfigurationPlatforms) = postSolution
		{6E611394-28EC-44FE-A834-AD418A6982E2}.Debug|Any CPU.ActiveCfg = Debug|Any CPU
		{6E611394-28EC-44FE-A834-AD418A6982E2}.Debug|Any CPU.Build.0 = Debug|Any CPU
		{6E611394-28EC-44FE-A834-AD418A6982E2}.Release|Any CPU.ActiveCfg = Release|Any CPU
		{6E611394-28EC-44FE-A834-AD418A6982E2}.Release|Any CPU.Build.0 = Release|Any CPU
		{56B6E3C6-5251-483F-92A8-6CA1C64E20BB}.Debug|Any CPU.ActiveCfg = Debug|Any CPU
		{56B6E3C6-5251-483F-92A8-6CA1C64E20BB}.Debug|Any CPU.Build.0 = Debug|Any CPU
		{56B6E3C6-5251-483F-92A8-6CA1C64E20BB}.Release|Any CPU.ActiveCfg = Release|Any CPU
		{56B6E3C6-5251-483F-92A8-6CA1C64E20BB}.Release|Any CPU.Build.0 = Release|Any CPU
	EndGlobalSection
	GlobalSection(SolutionProperties) = preSolution
		HideSolutionNode = FALSE
	EndGlobalSection
	GlobalSection(ExtensibilityGlobals) = postSolution
		SolutionGuid = {16418C80-FB71-473B-8FA2-D46793323206}
	EndGlobalSection
EndGlobal
