
Microsoft Visual Studio Solution File, Format Version 12.00
# Visual Studio 15
VisualStudioVersion = 15.0.28307.438
MinimumVisualStudioVersion = 10.0.40219.1
Project("{FAE04EC0-301F-11D3-BF4B-00C04F79EFBC}") = "JCDecaux Client WebAPP", "JCDecaux Client WebAPP\JCDecaux Client WebAPP.csproj", "{92F97A1C-A32F-4C2B-A740-06FC892DCE9D}"
EndProject
Global
	GlobalSection(SolutionConfigurationPlatforms) = preSolution
		Debug|Any CPU = Debug|Any CPU
		Release|Any CPU = Release|Any CPU
	EndGlobalSection
	GlobalSection(ProjectConfigurationPlatforms) = postSolution
		{92F97A1C-A32F-4C2B-A740-06FC892DCE9D}.Debug|Any CPU.ActiveCfg = Debug|Any CPU
		{92F97A1C-A32F-4C2B-A740-06FC892DCE9D}.Debug|Any CPU.Build.0 = Debug|Any CPU
		{92F97A1C-A32F-4C2B-A740-06FC892DCE9D}.Release|Any CPU.ActiveCfg = Release|Any CPU
		{92F97A1C-A32F-4C2B-A740-06FC892DCE9D}.Release|Any CPU.Build.0 = Release|Any CPU
	EndGlobalSection
	GlobalSection(SolutionProperties) = preSolution
		HideSolutionNode = FALSE
	EndGlobalSection
	GlobalSection(ExtensibilityGlobals) = postSolution
		SolutionGuid = {5EF80FF9-B342-4D50-9B31-3CC09CA4FB01}
	EndGlobalSection
EndGlobal
